
Microsoft Visual Studio Solution File, Format Version 12.00
# Visual Studio Version 17
VisualStudioVersion = 17.0.32112.339
MinimumVisualStudioVersion = 10.0.40219.1
Project("{FAE04EC0-301F-11D3-BF4B-00C04F79EFBC}") = "API", "API\API.csproj", "{8FF0FC2C-A766-4F30-8429-CD1A4E8A9EB3}"
EndProject
Global
	GlobalSection(SolutionConfigurationPlatforms) = preSolution
		Debug|Any CPU = Debug|Any CPU
		Release|Any CPU = Release|Any CPU
	EndGlobalSection
	GlobalSection(ProjectConfigurationPlatforms) = postSolution
		{8FF0FC2C-A766-4F30-8429-CD1A4E8A9EB3}.Debug|Any CPU.ActiveCfg = Debug|Any CPU
		{8FF0FC2C-A766-4F30-8429-CD1A4E8A9EB3}.Debug|Any CPU.Build.0 = Debug|Any CPU
		{8FF0FC2C-A766-4F30-8429-CD1A4E8A9EB3}.Release|Any CPU.ActiveCfg = Release|Any CPU
		{8FF0FC2C-A766-4F30-8429-CD1A4E8A9EB3}.Release|Any CPU.Build.0 = Release|Any CPU
	EndGlobalSection
	GlobalSection(SolutionProperties) = preSolution
		HideSolutionNode = FALSE
	EndGlobalSection
	GlobalSection(ExtensibilityGlobals) = postSolution
		SolutionGuid = {22DD4DE6-207E-4316-8A0B-8259C32F13FD}
	EndGlobalSection
EndGlobal
